
Microsoft Visual Studio Solution File, Format Version 12.00
# Visual Studio Version 16
VisualStudioVersion = 16.0.31005.135
MinimumVisualStudioVersion = 10.0.40219.1
Project("{F2A71F9B-5D33-465A-A702-920D77279786}") = "SynthesisEngine", "SynthesisEngine.fsproj", "{E4A92899-F229-4867-907A-9C56E325945B}"
EndProject
Global
	GlobalSection(SolutionConfigurationPlatforms) = preSolution
		Release|x64 = Release|x64
	EndGlobalSection
	GlobalSection(ProjectConfigurationPlatforms) = postSolution
		{E4A92899-F229-4867-907A-9C56E325945B}.Release|x64.ActiveCfg = Release|x64
		{E4A92899-F229-4867-907A-9C56E325945B}.Release|x64.Build.0 = Release|x64
	EndGlobalSection
	GlobalSection(SolutionProperties) = preSolution
		HideSolutionNode = FALSE
	EndGlobalSection
	GlobalSection(ExtensibilityGlobals) = postSolution
		SolutionGuid = {7BBC873E-A9FB-49D9-98A8-47BEAEA3CABA}
	EndGlobalSection
EndGlobal
